<?xml version="1.0" encoding="utf-8"?>
<Project ToolsVersion="4.0" xmlns="http://schemas.microsoft.com/developer/msbuild/2003">
  <ItemGroup>
    <Filter Include="Source Files">
      <UniqueIdentifier>{4FC737F1-C7A5-4376-A066-2A32D752A2FF}</UniqueIdentifier>
      <Extensions>cpp;c;cc;cxx;def;odl;idl;hpj;bat;asm;asmx</Extensions>
    </Filter>
    <Filter Include="Header Files">
      <UniqueIdentifier>{93995380-89BD-4b04-88EB-625FBE52EBFB}</UniqueIdentifier>
      <Extensions>h;hh;hpp;hxx;hm;inl;inc;xsd</Extensions>
    </Filter>
    <Filter Include="Resource Files">
      <UniqueIdentifier>{67DA6AB6-F800-4c08-8B7A-83BB121AAD01}</UniqueIdentifier>
      <Extensions>rc;ico;cur;bmp;dlg;rc2;rct;bin;rgs;gif;jpg;jpeg;jpe;resx;tiff;tif;png;wav;mfcribbon-ms</Extensions>
    </Filter>
  </ItemGroup>
  <ItemGroup>
    <Text Include="ReadMe.txt" />
  </ItemGroup>
  <ItemGroup>
    <ClInclude Include="stdafx.h">
      <Filter>Header Files</Filter>
    </ClInclude>
    <ClInclude Include="targetver.h">
      <Filter>Header Files</Filter>
    </ClInclude>
    <ClInclude Include="Ani_MOTHER.h">
      <Filter>Header Files</Filter>
    </ClInclude>
    <ClInclude Include="AniBg.h">
      <Filter>Header Files</Filter>
    </ClInclude>
    <ClInclude Include="AniT.h">
      <Filter>Header Files</Filter>
    </ClInclude>
    <ClInclude Include="AniWall.h">
      <Filter>Header Files</Filter>
    </ClInclude>
    <ClInclude Include="App.h">
      <Filter>Header Files</Filter>
    </ClInclude>
    <ClInclude Include="BackSplash_MOTHER.h">
      <Filter>Header Files</Filter>
    </ClInclude>
    <ClInclude Include="Basic_Tile_MOTHER.h">
      <Filter>Header Files</Filter>
    </ClInclude>
    <ClInclude Include="Bg.h">
      <Filter>Header Files</Filter>
    </ClInclude>
    <ClInclude Include="Big_Squisher.h">
      <Filter>Header Files</Filter>
    </ClInclude>
    <ClInclude Include="Blast.h">
      <Filter>Header Files</Filter>
    </ClInclude>
    <ClInclude Include="BounceTile.h">
      <Filter>Header Files</Filter>
    </ClInclude>
    <ClInclude Include="Break_Spawner.h">
      <Filter>Header Files</Filter>
    </ClInclude>
    <ClInclude Include="BTM_temp.h">
      <Filter>Header Files</Filter>
    </ClInclude>
    <ClInclude Include="Bullet.h">
      <Filter>Header Files</Filter>
    </ClInclude>
    <ClInclude Include="Cam.h">
      <Filter>Header Files</Filter>
    </ClInclude>
    <ClInclude Include="ChainBall.h">
      <Filter>Header Files</Filter>
    </ClInclude>
    <ClInclude Include="Character.h">
      <Filter>Header Files</Filter>
    </ClInclude>
    <ClInclude Include="Chest.h">
      <Filter>Header Files</Filter>
    </ClInclude>
    <ClInclude Include="Choice.h">
      <Filter>Header Files</Filter>
    </ClInclude>
    <ClInclude Include="ChoiceRTEXT.h">
      <Filter>Header Files</Filter>
    </ClInclude>
    <ClInclude Include="Cloud.h">
      <Filter>Header Files</Filter>
    </ClInclude>
    <ClInclude Include="Cloud_Spawner.h">
      <Filter>Header Files</Filter>
    </ClInclude>
    <ClInclude Include="Cloud_Start.h">
      <Filter>Header Files</Filter>
    </ClInclude>
    <ClInclude Include="Clown.h">
      <Filter>Header Files</Filter>
    </ClInclude>
    <ClInclude Include="Com_Hand.h">
      <Filter>Header Files</Filter>
    </ClInclude>
    <ClInclude Include="Com_MAIN.h">
      <Filter>Header Files</Filter>
    </ClInclude>
    <ClInclude Include="ConstLight.h">
      <Filter>Header Files</Filter>
    </ClInclude>
    <ClInclude Include="Corner.h">
      <Filter>Header Files</Filter>
    </ClInclude>
    <ClInclude Include="CT.h">
      <Filter>Header Files</Filter>
    </ClInclude>
    <ClInclude Include="Debug.h">
      <Filter>Header Files</Filter>
    </ClInclude>
    <ClInclude Include="Dia.h">
      <Filter>Header Files</Filter>
    </ClInclude>
    <ClInclude Include="Dino.h">
      <Filter>Header Files</Filter>
    </ClInclude>
    <ClInclude Include="Door.h">
      <Filter>Header Files</Filter>
    </ClInclude>
    <ClInclude Include="Dragon.h">
      <Filter>Header Files</Filter>
    </ClInclude>
    <ClInclude Include="DText.h">
      <Filter>Header Files</Filter>
    </ClInclude>
    <ClInclude Include="EBM.h">
      <Filter>Header Files</Filter>
    </ClInclude>
    <ClInclude Include="Editor.h">
      <Filter>Header Files</Filter>
    </ClInclude>
    <ClInclude Include="Effects.h">
      <Filter>Header Files</Filter>
    </ClInclude>
    <ClInclude Include="Elevator.h">
      <Filter>Header Files</Filter>
    </ClInclude>
    <ClInclude Include="Entrance.h">
      <Filter>Header Files</Filter>
    </ClInclude>
    <ClInclude Include="Exit.h">
      <Filter>Header Files</Filter>
    </ClInclude>
    <ClInclude Include="EyeBall.h">
      <Filter>Header Files</Filter>
    </ClInclude>
    <ClInclude Include="EyeBall_MAIN.h">
      <Filter>Header Files</Filter>
    </ClInclude>
    <ClInclude Include="FileConverter.h">
      <Filter>Header Files</Filter>
    </ClInclude>
    <ClInclude Include="Flame.h">
      <Filter>Header Files</Filter>
    </ClInclude>
    <ClInclude Include="FlameThrower.h">
      <Filter>Header Files</Filter>
    </ClInclude>
    <ClInclude Include="FlickerLight.h">
      <Filter>Header Files</Filter>
    </ClInclude>
    <ClInclude Include="Font.h">
      <Filter>Header Files</Filter>
    </ClInclude>
    <ClInclude Include="Foreground.h">
      <Filter>Header Files</Filter>
    </ClInclude>
    <ClInclude Include="Gameover_Screen.h">
      <Filter>Header Files</Filter>
    </ClInclude>
    <ClInclude Include="Gauntlets.h">
      <Filter>Header Files</Filter>
    </ClInclude>
    <ClInclude Include="GF.h">
      <Filter>Header Files</Filter>
    </ClInclude>
    <ClInclude Include="GUI.h">
      <Filter>Header Files</Filter>
    </ClInclude>
    <ClInclude Include="HomingSkull.h">
      <Filter>Header Files</Filter>
    </ClInclude>
    <ClInclude Include="Hurts.h">
      <Filter>Header Files</Filter>
    </ClInclude>
    <ClInclude Include="I_Projectile.h">
      <Filter>Header Files</Filter>
    </ClInclude>
    <ClInclude Include="IM_temp.h">
      <Filter>Header Files</Filter>
    </ClInclude>
    <ClInclude Include="Inventory.h">
      <Filter>Header Files</Filter>
    </ClInclude>
    <ClInclude Include="Invisible_MOTHER.h">
      <Filter>Header Files</Filter>
    </ClInclude>
    <ClInclude Include="InvisibleWall.h">
      <Filter>Header Files</Filter>
    </ClInclude>
    <ClInclude Include="IPTile.h">
      <Filter>Header Files</Filter>
    </ClInclude>
    <ClInclude Include="Itemids.h">
      <Filter>Header Files</Filter>
    </ClInclude>
    <ClInclude Include="Laser.h">
      <Filter>Header Files</Filter>
    </ClInclude>
    <ClInclude Include="Light_MOTHER.h">
      <Filter>Header Files</Filter>
    </ClInclude>
    <ClInclude Include="Misc_Sprites.h">
      <Filter>Header Files</Filter>
    </ClInclude>
    <ClInclude Include="Music.h">
      <Filter>Header Files</Filter>
    </ClInclude>
    <ClInclude Include="MusicPlayer.h">
      <Filter>Header Files</Filter>
    </ClInclude>
    <ClInclude Include="NPC_MOTHER.h">
      <Filter>Header Files</Filter>
    </ClInclude>
    <ClInclude Include="NPC_Spawner.h">
      <Filter>Header Files</Filter>
    </ClInclude>
    <ClInclude Include="NPC_temp.h">
      <Filter>Header Files</Filter>
    </ClInclude>
    <ClInclude Include="P_Fog.h">
      <Filter>Header Files</Filter>
    </ClInclude>
    <ClInclude Include="P_Spawner_Const.h">
      <Filter>Header Files</Filter>
    </ClInclude>
    <ClInclude Include="P_Switch.h">
      <Filter>Header Files</Filter>
    </ClInclude>
    <ClInclude Include="P_Switch_MAIN.h">
      <Filter>Header Files</Filter>
    </ClInclude>
    <ClInclude Include="P_Tint.h">
      <Filter>Header Files</Filter>
    </ClInclude>
    <ClInclude Include="ParticleSettings.h">
      <Filter>Header Files</Filter>
    </ClInclude>
    <ClInclude Include="ParticleSystem.h">
      <Filter>Header Files</Filter>
    </ClInclude>
    <ClInclude Include="Player.h">
      <Filter>Header Files</Filter>
    </ClInclude>
    <ClInclude Include="Projectile.h">
      <Filter>Header Files</Filter>
    </ClInclude>
    <ClInclude Include="PText.h">
      <Filter>Header Files</Filter>
    </ClInclude>
    <ClInclude Include="PTile.h">
      <Filter>Header Files</Filter>
    </ClInclude>
    <ClInclude Include="random2.h">
      <Filter>Header Files</Filter>
    </ClInclude>
    <ClInclude Include="Rock.h">
      <Filter>Header Files</Filter>
    </ClInclude>
    <ClInclude Include="Room.h">
      <Filter>Header Files</Filter>
    </ClInclude>
    <ClInclude Include="RT.h">
      <Filter>Header Files</Filter>
    </ClInclude>
    <ClInclude Include="RTile.h">
      <Filter>Header Files</Filter>
    </ClInclude>
    <ClInclude Include="SaveStation.h">
      <Filter>Header Files</Filter>
    </ClInclude>
    <ClInclude Include="Scoring.h">
      <Filter>Header Files</Filter>
    </ClInclude>
    <ClInclude Include="Screen_Credits.h">
      <Filter>Header Files</Filter>
    </ClInclude>
    <ClInclude Include="Screen_MOTHER.h">
      <Filter>Header Files</Filter>
    </ClInclude>
    <ClInclude Include="Screen_Pause.h">
      <Filter>Header Files</Filter>
    </ClInclude>
    <ClInclude Include="Screen_Start.h">
      <Filter>Header Files</Filter>
    </ClInclude>
    <ClInclude Include="Seal.h">
      <Filter>Header Files</Filter>
    </ClInclude>
    <ClInclude Include="Shielder.h">
      <Filter>Header Files</Filter>
    </ClInclude>
    <ClInclude Include="Shop.h">
      <Filter>Header Files</Filter>
    </ClInclude>
    <ClInclude Include="Sign.h">
      <Filter>Header Files</Filter>
    </ClInclude>
    <ClInclude Include="Skeleton.h">
      <Filter>Header Files</Filter>
    </ClInclude>
    <ClInclude Include="Slime.h">
      <Filter>Header Files</Filter>
    </ClInclude>
    <ClInclude Include="SnowClouds.h">
      <Filter>Header Files</Filter>
    </ClInclude>
    <ClInclude Include="Sound.h">
      <Filter>Header Files</Filter>
    </ClInclude>
    <ClInclude Include="SoundBlock.h">
      <Filter>Header Files</Filter>
    </ClInclude>
    <ClInclude Include="Space.h">
      <Filter>Header Files</Filter>
    </ClInclude>
    <ClInclude Include="Squisher.h">
      <Filter>Header Files</Filter>
    </ClInclude>
    <ClInclude Include="ST.h">
      <Filter>Header Files</Filter>
    </ClInclude>
    <ClInclude Include="Stair.h">
      <Filter>Header Files</Filter>
    </ClInclude>
    <ClInclude Include="Stream.h">
      <Filter>Header Files</Filter>
    </ClInclude>
    <ClInclude Include="Sub_NPC_A.h">
      <Filter>Header Files</Filter>
    </ClInclude>
    <ClInclude Include="Sub_NPC_A_temp.h">
      <Filter>Header Files</Filter>
    </ClInclude>
    <ClInclude Include="Sub_NPC_Block.h">
      <Filter>Header Files</Filter>
    </ClInclude>
    <ClInclude Include="Sub_NPC_CD.h">
      <Filter>Header Files</Filter>
    </ClInclude>
    <ClInclude Include="Sub_NPC_StaticCollision.h">
      <Filter>Header Files</Filter>
    </ClInclude>
    <ClInclude Include="T_MOTHER.h">
      <Filter>Header Files</Filter>
    </ClInclude>
    <ClInclude Include="Teleporter.h">
      <Filter>Header Files</Filter>
    </ClInclude>
    <ClInclude Include="Temporarytxt.h">
      <Filter>Header Files</Filter>
    </ClInclude>
    <ClInclude Include="TempText.h">
      <Filter>Header Files</Filter>
    </ClInclude>
    <ClInclude Include="TileMap.h">
      <Filter>Header Files</Filter>
    </ClInclude>
    <ClInclude Include="TripleChest.h">
      <Filter>Header Files</Filter>
    </ClInclude>
    <ClInclude Include="W_bomb.h">
      <Filter>Header Files</Filter>
    </ClInclude>
    <ClInclude Include="Wall.h">
      <Filter>Header Files</Filter>
    </ClInclude>
    <ClInclude Include="Weather.h">
      <Filter>Header Files</Filter>
    </ClInclude>
    <ClInclude Include="World.h">
      <Filter>Header Files</Filter>
    </ClInclude>
  </ItemGroup>
  <ItemGroup>
    <ClCompile Include="stdafx.cpp">
      <Filter>Source Files</Filter>
    </ClCompile>
    <ClCompile Include="Avoidance.cpp">
      <Filter>Source Files</Filter>
    </ClCompile>
    <ClCompile Include="Ani_MOTHER.cpp">
      <Filter>Source Files</Filter>
    </ClCompile>
    <ClCompile Include="AniBg.cpp">
      <Filter>Source Files</Filter>
    </ClCompile>
    <ClCompile Include="AniT.cpp">
      <Filter>Source Files</Filter>
    </ClCompile>
    <ClCompile Include="AniWall.cpp">
      <Filter>Source Files</Filter>
    </ClCompile>
    <ClCompile Include="App.cpp">
      <Filter>Source Files</Filter>
    </ClCompile>
    <ClCompile Include="BackSplash_MOTHER.cpp">
      <Filter>Source Files</Filter>
    </ClCompile>
    <ClCompile Include="Basic_Tile_MOTHER.cpp">
      <Filter>Source Files</Filter>
    </ClCompile>
    <ClCompile Include="Bg.cpp">
      <Filter>Source Files</Filter>
    </ClCompile>
    <ClCompile Include="Big_Squisher.cpp">
      <Filter>Source Files</Filter>
    </ClCompile>
    <ClCompile Include="Blast.cpp">
      <Filter>Source Files</Filter>
    </ClCompile>
    <ClCompile Include="BounceTile.cpp">
      <Filter>Source Files</Filter>
    </ClCompile>
    <ClCompile Include="Break_Spawner.cpp">
      <Filter>Source Files</Filter>
    </ClCompile>
    <ClCompile Include="BTM_temp.cpp">
      <Filter>Source Files</Filter>
    </ClCompile>
    <ClCompile Include="Bullet.cpp">
      <Filter>Source Files</Filter>
    </ClCompile>
    <ClCompile Include="Cam.cpp">
      <Filter>Source Files</Filter>
    </ClCompile>
    <ClCompile Include="ChainBall.cpp">
      <Filter>Source Files</Filter>
    </ClCompile>
    <ClCompile Include="Character.cpp">
      <Filter>Source Files</Filter>
    </ClCompile>
    <ClCompile Include="Chest.cpp">
      <Filter>Source Files</Filter>
    </ClCompile>
    <ClCompile Include="Choice.cpp">
      <Filter>Source Files</Filter>
    </ClCompile>
    <ClCompile Include="ChoiceRTEXT.cpp">
      <Filter>Source Files</Filter>
    </ClCompile>
    <ClCompile Include="Cloud.cpp">
      <Filter>Source Files</Filter>
    </ClCompile>
    <ClCompile Include="Cloud_Spawner.cpp">
      <Filter>Source Files</Filter>
    </ClCompile>
    <ClCompile Include="Cloud_Start.cpp">
      <Filter>Source Files</Filter>
    </ClCompile>
    <ClCompile Include="Clown.cpp">
      <Filter>Source Files</Filter>
    </ClCompile>
    <ClCompile Include="Com_Hand.cpp">
      <Filter>Source Files</Filter>
    </ClCompile>
    <ClCompile Include="Com_MAIN.cpp">
      <Filter>Source Files</Filter>
    </ClCompile>
    <ClCompile Include="ConstLight.cpp">
      <Filter>Source Files</Filter>
    </ClCompile>
    <ClCompile Include="Corner.cpp">
      <Filter>Source Files</Filter>
    </ClCompile>
    <ClCompile Include="CT.cpp">
      <Filter>Source Files</Filter>
    </ClCompile>
    <ClCompile Include="Debug.cpp">
      <Filter>Source Files</Filter>
    </ClCompile>
    <ClCompile Include="Dia.cpp">
      <Filter>Source Files</Filter>
    </ClCompile>
    <ClCompile Include="Dino.cpp">
      <Filter>Source Files</Filter>
    </ClCompile>
    <ClCompile Include="Door.cpp">
      <Filter>Source Files</Filter>
    </ClCompile>
    <ClCompile Include="Dragon.cpp">
      <Filter>Source Files</Filter>
    </ClCompile>
    <ClCompile Include="DText.cpp">
      <Filter>Source Files</Filter>
    </ClCompile>
    <ClCompile Include="EBM.cpp">
      <Filter>Source Files</Filter>
    </ClCompile>
    <ClCompile Include="Editor.cpp">
      <Filter>Source Files</Filter>
    </ClCompile>
    <ClCompile Include="Effects.cpp">
      <Filter>Source Files</Filter>
    </ClCompile>
    <ClCompile Include="Elevator.cpp">
      <Filter>Source Files</Filter>
    </ClCompile>
    <ClCompile Include="Entrance.cpp">
      <Filter>Source Files</Filter>
    </ClCompile>
    <ClCompile Include="Exit.cpp">
      <Filter>Source Files</Filter>
    </ClCompile>
    <ClCompile Include="EyeBall.cpp">
      <Filter>Source Files</Filter>
    </ClCompile>
    <ClCompile Include="EyeBall_MAIN.cpp">
      <Filter>Source Files</Filter>
    </ClCompile>
    <ClCompile Include="FileConverter.cpp">
      <Filter>Source Files</Filter>
    </ClCompile>
    <ClCompile Include="Flame.cpp">
      <Filter>Source Files</Filter>
    </ClCompile>
    <ClCompile Include="FlameThrower.cpp">
      <Filter>Source Files</Filter>
    </ClCompile>
    <ClCompile Include="FlickerLight.cpp">
      <Filter>Source Files</Filter>
    </ClCompile>
    <ClCompile Include="Font.cpp">
      <Filter>Source Files</Filter>
    </ClCompile>
    <ClCompile Include="Foreground.cpp">
      <Filter>Source Files</Filter>
    </ClCompile>
    <ClCompile Include="Gameover_Screen.cpp">
      <Filter>Source Files</Filter>
    </ClCompile>
    <ClCompile Include="Gauntlets.cpp">
      <Filter>Source Files</Filter>
    </ClCompile>
    <ClCompile Include="GF.cpp">
      <Filter>Source Files</Filter>
    </ClCompile>
    <ClCompile Include="GUI.cpp">
      <Filter>Source Files</Filter>
    </ClCompile>
    <ClCompile Include="HomingSkull.cpp">
      <Filter>Source Files</Filter>
    </ClCompile>
    <ClCompile Include="Hurts.cpp">
      <Filter>Source Files</Filter>
    </ClCompile>
    <ClCompile Include="I_Projectile.cpp">
      <Filter>Source Files</Filter>
    </ClCompile>
    <ClCompile Include="IM_temp.cpp">
      <Filter>Source Files</Filter>
    </ClCompile>
    <ClCompile Include="Inventory.cpp">
      <Filter>Source Files</Filter>
    </ClCompile>
    <ClCompile Include="Invisible_MOTHER.cpp">
      <Filter>Source Files</Filter>
    </ClCompile>
    <ClCompile Include="InvisibleWall.cpp">
      <Filter>Source Files</Filter>
    </ClCompile>
    <ClCompile Include="IPTile.cpp">
      <Filter>Source Files</Filter>
    </ClCompile>
    <ClCompile Include="Itemids.cpp">
      <Filter>Source Files</Filter>
    </ClCompile>
    <ClCompile Include="Laser.cpp">
      <Filter>Source Files</Filter>
    </ClCompile>
    <ClCompile Include="Light_MOTHER.cpp">
      <Filter>Source Files</Filter>
    </ClCompile>
    <ClCompile Include="Misc_Sprites.cpp">
      <Filter>Source Files</Filter>
    </ClCompile>
    <ClCompile Include="Music.cpp">
      <Filter>Source Files</Filter>
    </ClCompile>
    <ClCompile Include="MusicPlayer.cpp">
      <Filter>Source Files</Filter>
    </ClCompile>
    <ClCompile Include="NPC_MOTHER.cpp">
      <Filter>Source Files</Filter>
    </ClCompile>
    <ClCompile Include="NPC_Spawner.cpp">
      <Filter>Source Files</Filter>
    </ClCompile>
    <ClCompile Include="NPC_temp.cpp">
      <Filter>Source Files</Filter>
    </ClCompile>
    <ClCompile Include="P_Fog.cpp">
      <Filter>Source Files</Filter>
    </ClCompile>
    <ClCompile Include="P_Spawner_Const.cpp">
      <Filter>Source Files</Filter>
    </ClCompile>
    <ClCompile Include="P_Switch.cpp">
      <Filter>Source Files</Filter>
    </ClCompile>
    <ClCompile Include="P_Switch_MAIN.cpp">
      <Filter>Source Files</Filter>
    </ClCompile>
    <ClCompile Include="P_Tint.cpp">
      <Filter>Source Files</Filter>
    </ClCompile>
    <ClCompile Include="ParticleSettings.cpp">
      <Filter>Source Files</Filter>
    </ClCompile>
    <ClCompile Include="ParticleSystem.cpp">
      <Filter>Source Files</Filter>
    </ClCompile>
    <ClCompile Include="Player.cpp">
      <Filter>Source Files</Filter>
    </ClCompile>
    <ClCompile Include="Projectile.cpp">
      <Filter>Source Files</Filter>
    </ClCompile>
    <ClCompile Include="PText.cpp">
      <Filter>Source Files</Filter>
    </ClCompile>
    <ClCompile Include="PTile.cpp">
      <Filter>Source Files</Filter>
    </ClCompile>
    <ClCompile Include="random2.cpp">
      <Filter>Source Files</Filter>
    </ClCompile>
    <ClCompile Include="Rock.cpp">
      <Filter>Source Files</Filter>
    </ClCompile>
    <ClCompile Include="Room.cpp">
      <Filter>Source Files</Filter>
    </ClCompile>
    <ClCompile Include="RT.cpp">
      <Filter>Source Files</Filter>
    </ClCompile>
    <ClCompile Include="RTile.cpp">
      <Filter>Source Files</Filter>
    </ClCompile>
    <ClCompile Include="SaveStation.cpp">
      <Filter>Source Files</Filter>
    </ClCompile>
    <ClCompile Include="Scoring.cpp">
      <Filter>Source Files</Filter>
    </ClCompile>
    <ClCompile Include="Screen_Credits.cpp">
      <Filter>Source Files</Filter>
    </ClCompile>
    <ClCompile Include="Screen_MOTHER.cpp">
      <Filter>Source Files</Filter>
    </ClCompile>
    <ClCompile Include="Screen_Pause.cpp">
      <Filter>Source Files</Filter>
    </ClCompile>
    <ClCompile Include="Screen_Start.cpp">
      <Filter>Source Files</Filter>
    </ClCompile>
    <ClCompile Include="Seal.cpp">
      <Filter>Source Files</Filter>
    </ClCompile>
    <ClCompile Include="Shielder.cpp">
      <Filter>Source Files</Filter>
    </ClCompile>
    <ClCompile Include="Shop.cpp">
      <Filter>Source Files</Filter>
    </ClCompile>
    <ClCompile Include="Sign.cpp">
      <Filter>Source Files</Filter>
    </ClCompile>
    <ClCompile Include="Skeleton.cpp">
      <Filter>Source Files</Filter>
    </ClCompile>
    <ClCompile Include="Slime.cpp">
      <Filter>Source Files</Filter>
    </ClCompile>
    <ClCompile Include="SnowClouds.cpp">
      <Filter>Source Files</Filter>
    </ClCompile>
    <ClCompile Include="Sound.cpp">
      <Filter>Source Files</Filter>
    </ClCompile>
    <ClCompile Include="SoundBlock.cpp">
      <Filter>Source Files</Filter>
    </ClCompile>
    <ClCompile Include="Space.cpp">
      <Filter>Source Files</Filter>
    </ClCompile>
    <ClCompile Include="Squisher.cpp">
      <Filter>Source Files</Filter>
    </ClCompile>
    <ClCompile Include="ST.cpp">
      <Filter>Source Files</Filter>
    </ClCompile>
    <ClCompile Include="Stair.cpp">
      <Filter>Source Files</Filter>
    </ClCompile>
    <ClCompile Include="Stream.cpp">
      <Filter>Source Files</Filter>
    </ClCompile>
    <ClCompile Include="Sub_NPC_A.cpp">
      <Filter>Source Files</Filter>
    </ClCompile>
    <ClCompile Include="Sub_NPC_A_temp.cpp">
      <Filter>Source Files</Filter>
    </ClCompile>
    <ClCompile Include="Sub_NPC_Block.cpp">
      <Filter>Source Files</Filter>
    </ClCompile>
    <ClCompile Include="Sub_NPC_CD.cpp">
      <Filter>Source Files</Filter>
    </ClCompile>
    <ClCompile Include="Sub_NPC_StaticCollision.cpp">
      <Filter>Source Files</Filter>
    </ClCompile>
    <ClCompile Include="T_MOTHER.cpp">
      <Filter>Source Files</Filter>
    </ClCompile>
    <ClCompile Include="Teleporter.cpp">
      <Filter>Source Files</Filter>
    </ClCompile>
    <ClCompile Include="Temporarytxt.cpp">
      <Filter>Source Files</Filter>
    </ClCompile>
    <ClCompile Include="TempText.cpp">
      <Filter>Source Files</Filter>
    </ClCompile>
    <ClCompile Include="TileMap.cpp">
      <Filter>Source Files</Filter>
    </ClCompile>
    <ClCompile Include="TripleChest.cpp">
      <Filter>Source Files</Filter>
    </ClCompile>
    <ClCompile Include="W_bomb.cpp">
      <Filter>Source Files</Filter>
    </ClCompile>
    <ClCompile Include="Wall.cpp">
      <Filter>Source Files</Filter>
    </ClCompile>
    <ClCompile Include="Weather.cpp">
      <Filter>Source Files</Filter>
    </ClCompile>
    <ClCompile Include="World.cpp">
      <Filter>Source Files</Filter>
    </ClCompile>
  </ItemGroup>
</Project>